{
  "name": "tibbe-network.github.io",
  "version": "0.0.1",
  "lockfileVersion": 2,
  "requires": true,
  "packages": {
    "": {
      "name": "tibbe-network.github.io",
      "version": "0.0.1",
      "license": "ISC",
      "devDependencies": {
        "eslint-config-naat": "git+https://github.com/neuroanatomy/eslint-config-naat.git"
      }
    },
    "node_modules/eslint-config-naat": {
      "version": "0.0.1",
      "resolved": "git+ssh://git@github.com/neuroanatomy/eslint-config-naat.git#f944a706c752999f6d44ad62ae470a20f8582d61",
      "integrity": "sha512-sRWaMs65eKbjZVCy+hfJvSNvDuc7hHFIEUqV2jVznGa6e5a21D+6DOEECoeEIi6Ww1N++0gAy1P77EbhiBYkgQ==",
      "dev": true,
      "license": "ISC"
    }
  },
  "dependencies": {
    "eslint-config-naat": {
      "version": "git+ssh://git@github.com/neuroanatomy/eslint-config-naat.git#f944a706c752999f6d44ad62ae470a20f8582d61",
      "integrity": "sha512-sRWaMs65eKbjZVCy+hfJvSNvDuc7hHFIEUqV2jVznGa6e5a21D+6DOEECoeEIi6Ww1N++0gAy1P77EbhiBYkgQ==",
      "dev": true,
      "from": "eslint-config-naat@git+https://github.com/neuroanatomy/eslint-config-naat.git"
    }
  }
}
